{
  "version": 4,
  "terraform_version": "1.9.5",
  "serial": 385,
  "lineage": "2a09e7c8-789a-fcd3-8fd5-f2e2b24139e5",
  "outputs": {
    "cwd_path": {
      "value": "/Users/rahulpal/Documents/terraform/ansible_deployment",
      "type": "string"
    },
    "module_path": {
      "value": "52.66.205.36",
      "type": "string"
    },
    "root_path": {
      "value": ".",
      "type": "string"
    }
  },
  "resources": [
    {
      "module": "module.ansible_tower",
      "mode": "managed",
      "type": "aws_eip",
      "name": "app",
      "provider": "provider[\"registry.terraform.io/hashicorp/aws\"]",
      "instances": [
        {
          "schema_version": 0,
          "attributes": {
            "address": null,
            "allocation_id": "eipalloc-0cf1ba16912fcf43b",
            "arn": "arn:aws:ec2:ap-south-1:213470585328:elastic-ip/eipalloc-0cf1ba16912fcf43b",
            "associate_with_private_ip": null,
            "association_id": "",
            "carrier_ip": "",
            "customer_owned_ip": "",
            "customer_owned_ipv4_pool": "",
            "domain": "vpc",
            "id": "eipalloc-0cf1ba16912fcf43b",
            "instance": "",
            "ipam_pool_id": "",
            "network_border_group": "ap-south-1",
            "network_interface": "",
            "private_dns": "",
            "private_ip": "",
            "ptr_record": "",
            "public_dns": "ec2-13-202-41-202.ap-south-1.compute.amazonaws.com",
            "public_ip": "13.202.41.202",
            "public_ipv4_pool": "amazon",
            "region": "ap-south-1",
            "tags": {
              "Name": "ansible"
            },
            "tags_all": {
              "Name": "ansible"
            },
            "timeouts": null
          },
          "sensitive_attributes": [],
          "private": "eyJlMmJmYjczMC1lY2FhLTExZTYtOGY4OC0zNDM2M2JjN2M0YzAiOnsiZGVsZXRlIjoxODAwMDAwMDAwMDAsInJlYWQiOjkwMDAwMDAwMDAwMCwidXBkYXRlIjozMDAwMDAwMDAwMDB9fQ=="
        }
      ]
    },
    {
      "module": "module.ansible_tower",
      "mode": "managed",
      "type": "aws_instance",
      "name": "ansible_tower_ec2_instance_ip",
      "provider": "provider[\"registry.terraform.io/hashicorp/aws\"]",
      "instances": [
        {
          "schema_version": 2,
          "attributes": {
            "ami": "ami-0011550b539717e2a",
            "arn": "arn:aws:ec2:ap-south-1:213470585328:instance/i-0ff00fd56e9de0ee1",
            "associate_public_ip_address": true,
            "availability_zone": "ap-south-1a",
            "capacity_reservation_specification": [
              {
                "capacity_reservation_preference": "open",
                "capacity_reservation_target": []
              }
            ],
            "cpu_options": [
              {
                "amd_sev_snp": "",
                "core_count": 1,
                "nested_virtualization": "",
                "threads_per_core": 2
              }
            ],
            "credit_specification": [],
            "disable_api_stop": false,
            "disable_api_termination": false,
            "ebs_block_device": [],
            "ebs_optimized": false,
            "enable_primary_ipv6": null,
            "enclave_options": [
              {
                "enabled": false
              }
            ],
            "ephemeral_block_device": [],
            "force_destroy": false,
            "get_password_data": false,
            "hibernation": false,
            "host_id": "",
            "host_resource_group_arn": null,
            "iam_instance_profile": "",
            "id": "i-0ff00fd56e9de0ee1",
            "instance_initiated_shutdown_behavior": "stop",
            "instance_lifecycle": "",
            "instance_market_options": [],
            "instance_state": "running",
            "instance_type": "c7i-flex.large",
            "ipv6_address_count": 0,
            "ipv6_addresses": [],
            "key_name": "ansible-tower",
            "launch_template": [],
            "maintenance_options": [
              {
                "auto_recovery": "default"
              }
            ],
            "metadata_options": [
              {
                "http_endpoint": "enabled",
                "http_protocol_ipv6": "disabled",
                "http_put_response_hop_limit": 1,
                "http_tokens": "optional",
                "instance_metadata_tags": "disabled"
              }
            ],
            "monitoring": false,
            "network_interface": [],
            "outpost_arn": "",
            "password_data": "",
            "placement_group": "",
            "placement_group_id": "",
            "placement_partition_number": 0,
            "primary_network_interface": [
              {
                "delete_on_termination": true,
                "network_interface_id": "eni-0146dfb2f0d0ded3a"
              }
            ],
            "primary_network_interface_id": "eni-0146dfb2f0d0ded3a",
            "private_dns": "ip-11-0-1-133.ap-south-1.compute.internal",
            "private_dns_name_options": [
              {
                "enable_resource_name_dns_a_record": false,
                "enable_resource_name_dns_aaaa_record": false,
                "hostname_type": "ip-name"
              }
            ],
            "private_ip": "11.0.1.133",
            "public_dns": "",
            "public_ip": "52.66.205.36",
            "region": "ap-south-1",
            "root_block_device": [
              {
                "delete_on_termination": true,
                "device_name": "/dev/sda1",
                "encrypted": false,
                "iops": 3000,
                "kms_key_id": "",
                "tags": {},
                "tags_all": {},
                "throughput": 125,
                "volume_id": "vol-0d2d1342d8a84fcf2",
                "volume_size": 10,
                "volume_type": "gp3"
              }
            ],
            "secondary_network_interface": [],
            "secondary_private_ips": [],
            "security_groups": [],
            "source_dest_check": true,
            "spot_instance_request_id": "",
            "subnet_id": "subnet-038ef4e0887b623a4",
            "tags": {
              "Name": "dev_proj_1_ansible_tower"
            },
            "tags_all": {
              "Name": "dev_proj_1_ansible_tower"
            },
            "tenancy": "default",
            "timeouts": null,
            "user_data": "#!/bin/bash\nsudo dnf update -y\nsudo dnf install -y ansible-core\nansible --version\n\ntar xvzf \"/Users/rahulpal/Documents/terraform/ansible_deployment/ansible_tower_script/var.file_name\"",
            "user_data_base64": null,
            "user_data_replace_on_change": false,
            "volume_tags": null,
            "vpc_security_group_ids": [
              "sg-0509a71c007247e8a"
            ]
          },
          "sensitive_attributes": [],
          "private": "eyJlMmJmYjczMC1lY2FhLTExZTYtOGY4OC0zNDM2M2JjN2M0YzAiOnsiY3JlYXRlIjo2MDAwMDAwMDAwMDAsImRlbGV0ZSI6MTIwMDAwMDAwMDAwMCwicmVhZCI6OTAwMDAwMDAwMDAwLCJ1cGRhdGUiOjYwMDAwMDAwMDAwMH0sInNjaGVtYV92ZXJzaW9uIjoiMiJ9",
          "dependencies": [
            "module.networking.aws_subnet.dev_proj_1_public_subnets",
            "module.networking.aws_vpc.dev_proj_1_vpc_eu_central_1",
            "module.security_group.aws_security_group.ec2_ansible_tower_port_8080"
          ]
        }
      ]
    },
    {
      "module": "module.file_configration",
      "mode": "managed",
      "type": "ansible_host",
      "name": "web_host",
      "provider": "provider[\"registry.terraform.io/ansible/ansible\"]",
      "instances": [
        {
          "schema_version": 1,
          "attributes": {
            "groups": [
              "webservers"
            ],
            "id": "52.66.205.36",
            "name": "52.66.205.36",
            "variables": {
              "value": {
                "ansible_host": "52.66.205.36",
                "ansible_python_interpreter": "/usr/bin/python3",
                "ansible_ssh_private_key_file": "/Users/rahulpal/Documents/terraform/ansible_deployment/key/ansible-tower.pem",
                "ansible_user": "ec2-user"
              },
              "type": [
                "object",
                {
                  "ansible_host": "string",
                  "ansible_python_interpreter": "string",
                  "ansible_ssh_private_key_file": "string",
                  "ansible_user": "string"
                }
              ]
            }
          },
          "sensitive_attributes": [],
          "dependencies": [
            "module.ansible_tower.aws_instance.ansible_tower_ec2_instance_ip",
            "module.networking.aws_subnet.dev_proj_1_public_subnets",
            "module.networking.aws_vpc.dev_proj_1_vpc_eu_central_1",
            "module.security_group.aws_security_group.ec2_ansible_tower_port_8080"
          ]
        }
      ]
    },
    {
      "module": "module.file_configration",
      "mode": "managed",
      "type": "ansible_playbook",
      "name": "modify_file",
      "provider": "provider[\"registry.terraform.io/ansible/ansible\"]",
      "instances": [
        {
          "schema_version": 0,
          "attributes": {
            "ansible_playbook_binary": "ansible-playbook",
            "ansible_playbook_stderr": "",
            "ansible_playbook_stdout": "[WARNING]: Could not match supplied host pattern, ignoring: webservers\nansible-playbook [core 2.18.1]\n  config file = None\n  configured module search path = ['/Users/rahulpal/.ansible/plugins/modules', '/usr/share/ansible/plugins/modules']\n  ansible python module location = /Library/Frameworks/Python.framework/Versions/3.12/lib/python3.12/site-packages/ansible\n  ansible collection location = /Users/rahulpal/.ansible/collections:/usr/share/ansible/collections\n  executable location = /Library/Frameworks/Python.framework/Versions/3.12/bin/ansible-playbook\n  python version = 3.12.3 (v3.12.3:f6650f9ad7, Apr  9 2024, 08:18:47) [Clang 13.0.0 (clang-1300.0.29.30)] (/Library/Frameworks/Python.framework/Versions/3.12/bin/python3.12)\n  jinja version = 3.1.5\n  libyaml = True\nNo config file found; using defaults\nsetting up inventory plugins\nLoading collection ansible.builtin from \nhost_list declined parsing /var/folders/fs/6cqxcj_n4hq2888n7xkctq8r0000gn/T/.inventory-3658579517.ini as it did not pass its verify_file() method\nscript declined parsing /var/folders/fs/6cqxcj_n4hq2888n7xkctq8r0000gn/T/.inventory-3658579517.ini as it did not pass its verify_file() method\nauto declined parsing /var/folders/fs/6cqxcj_n4hq2888n7xkctq8r0000gn/T/.inventory-3658579517.ini as it did not pass its verify_file() method\nyaml declined parsing /var/folders/fs/6cqxcj_n4hq2888n7xkctq8r0000gn/T/.inventory-3658579517.ini as it did not pass its verify_file() method\nParsed /var/folders/fs/6cqxcj_n4hq2888n7xkctq8r0000gn/T/.inventory-3658579517.ini inventory source with ini plugin\nLoading callback plugin default of type stdout, v2.0 from /Library/Frameworks/Python.framework/Versions/3.12/lib/python3.12/site-packages/ansible/plugins/callback/default.py\nAttempting to use 'default' callback.\nSkipping callback 'default', as we already have a stdout callback.\nAttempting to use 'junit' callback.\nAttempting to use 'minimal' callback.\nSkipping callback 'minimal', as we already have a stdout callback.\nAttempting to use 'oneline' callback.\nSkipping callback 'oneline', as we already have a stdout callback.\nAttempting to use 'tree' callback.\n\nPLAYBOOK: playbook.yaml ********************************************************\nPositional arguments: /Users/rahulpal/Documents/terraform/ansible_deployment/file_folder/playbook.yaml\nverbosity: 6\nconnection: ssh\nbecome_method: sudo\ntags: ('all',)\ninventory: ('/var/folders/fs/6cqxcj_n4hq2888n7xkctq8r0000gn/T/.inventory-3658579517.ini',)\nextra_vars: ('hostname=52.66.205.36', \"ansible_user='ec2-user'\")\nforks: 5\n1 plays in /Users/rahulpal/Documents/terraform/ansible_deployment/file_folder/playbook.yaml\n\nPLAY [Edit existing file] ******************************************************\nskipping: no hosts matched\n\nPLAY RECAP *********************************************************************\n\n",
            "args": [
              "-vvvvvv",
              "-e",
              "hostname=52.66.205.36",
              "-e",
              "ansible_user='ec2-user'",
              "/Users/rahulpal/Documents/terraform/ansible_deployment/file_folder/playbook.yaml"
            ],
            "check_mode": false,
            "diff_mode": false,
            "extra_vars": {
              "ansible_user": "ec2-user"
            },
            "force_handlers": false,
            "groups": null,
            "id": "2026-09-11 15:41:14.029135 +0530 IST m=+2.048573876",
            "ignore_playbook_failure": false,
            "limit": null,
            "name": "52.66.205.36",
            "playbook": "/Users/rahulpal/Documents/terraform/ansible_deployment/file_folder/playbook.yaml",
            "replayable": true,
            "tags": null,
            "temp_inventory_file": "",
            "timeouts": null,
            "var_files": null,
            "vault_files": null,
            "vault_id": null,
            "vault_password_file": null,
            "verbosity": 6
          },
          "sensitive_attributes": [],
          "private": "eyJlMmJmYjczMC1lY2FhLTExZTYtOGY4OC0zNDM2M2JjN2M0YzAiOnsiY3JlYXRlIjozNjAwMDAwMDAwMDAwfX0=",
          "dependencies": [
            "module.ansible_tower.aws_instance.ansible_tower_ec2_instance_ip",
            "module.networking.aws_subnet.dev_proj_1_public_subnets",
            "module.networking.aws_vpc.dev_proj_1_vpc_eu_central_1",
            "module.security_group.aws_security_group.ec2_ansible_tower_port_8080"
          ]
        }
      ]
    },
    {
      "module": "module.file_configration",
      "mode": "managed",
      "type": "local_file",
      "name": "output_config",
      "provider": "provider[\"registry.terraform.io/hashicorp/local\"]",
      "instances": [
        {
          "schema_version": 0,
          "attributes": {
            "content": "Instance IP: [WARNING]: Could not match supplied host pattern, ignoring: webservers\nansible-playbook [core 2.18.1]\n  config file = None\n  configured module search path = ['/Users/rahulpal/.ansible/plugins/modules', '/usr/share/ansible/plugins/modules']\n  ansible python module location = /Library/Frameworks/Python.framework/Versions/3.12/lib/python3.12/site-packages/ansible\n  ansible collection location = /Users/rahulpal/.ansible/collections:/usr/share/ansible/collections\n  executable location = /Library/Frameworks/Python.framework/Versions/3.12/bin/ansible-playbook\n  python version = 3.12.3 (v3.12.3:f6650f9ad7, Apr  9 2024, 08:18:47) [Clang 13.0.0 (clang-1300.0.29.30)] (/Library/Frameworks/Python.framework/Versions/3.12/bin/python3.12)\n  jinja version = 3.1.5\n  libyaml = True\nNo config file found; using defaults\nsetting up inventory plugins\nLoading collection ansible.builtin from \nhost_list declined parsing /var/folders/fs/6cqxcj_n4hq2888n7xkctq8r0000gn/T/.inventory-3658579517.ini as it did not pass its verify_file() method\nscript declined parsing /var/folders/fs/6cqxcj_n4hq2888n7xkctq8r0000gn/T/.inventory-3658579517.ini as it did not pass its verify_file() method\nauto declined parsing /var/folders/fs/6cqxcj_n4hq2888n7xkctq8r0000gn/T/.inventory-3658579517.ini as it did not pass its verify_file() method\nyaml declined parsing /var/folders/fs/6cqxcj_n4hq2888n7xkctq8r0000gn/T/.inventory-3658579517.ini as it did not pass its verify_file() method\nParsed /var/folders/fs/6cqxcj_n4hq2888n7xkctq8r0000gn/T/.inventory-3658579517.ini inventory source with ini plugin\nLoading callback plugin default of type stdout, v2.0 from /Library/Frameworks/Python.framework/Versions/3.12/lib/python3.12/site-packages/ansible/plugins/callback/default.py\nAttempting to use 'default' callback.\nSkipping callback 'default', as we already have a stdout callback.\nAttempting to use 'junit' callback.\nAttempting to use 'minimal' callback.\nSkipping callback 'minimal', as we already have a stdout callback.\nAttempting to use 'oneline' callback.\nSkipping callback 'oneline', as we already have a stdout callback.\nAttempting to use 'tree' callback.\n\nPLAYBOOK: playbook.yaml ********************************************************\nPositional arguments: /Users/rahulpal/Documents/terraform/ansible_deployment/file_folder/playbook.yaml\nverbosity: 6\nconnection: ssh\nbecome_method: sudo\ntags: ('all',)\ninventory: ('/var/folders/fs/6cqxcj_n4hq2888n7xkctq8r0000gn/T/.inventory-3658579517.ini',)\nextra_vars: ('hostname=52.66.205.36', \"ansible_user='ec2-user'\")\nforks: 5\n1 plays in /Users/rahulpal/Documents/terraform/ansible_deployment/file_folder/playbook.yaml\n\nPLAY [Edit existing file] ******************************************************\nskipping: no hosts matched\n\nPLAY RECAP *********************************************************************\n\n\n",
            "content_base64": null,
            "content_base64sha256": "u0pj2V/aQwr1PJB9ZVt52K17Ze3qkvOv2gg2reWswCo=",
            "content_base64sha512": "t76k4lups8zUaiqI3v5JACqMecC8BUBuGCLnPoNc2s7x1InDx5kx+u97LeLIl/hxD1KAu6+w9PimVtncxKP+Rw==",
            "content_md5": "f4b7a3f854c44c4b3b2fb48f26ea5c91",
            "content_sha1": "3907badf16e1fc7636f6c324afc96575137ae784",
            "content_sha256": "bb4a63d95fda430af53c907d655b79d8ad7b65edea92f3afda0836ade5acc02a",
            "content_sha512": "b7bea4e25ba9b3ccd46a2a88defe49002a8c79c0bc05406e1822e73e835cdacef1d489c3c79931faef7b2de2c897f8710f5280bbafb0f4f8a656d9dcc4a3fe47",
            "directory_permission": "0777",
            "file_permission": "0777",
            "filename": "/Users/rahulpal/Documents/terraform/ansible_deployment/file_folder/combined_output.txt",
            "id": "3907badf16e1fc7636f6c324afc96575137ae784",
            "sensitive_content": null,
            "source": null
          },
          "sensitive_attributes": [
            [
              {
                "type": "get_attr",
                "value": "sensitive_content"
              }
            ]
          ],
          "dependencies": [
            "module.ansible_tower.aws_instance.ansible_tower_ec2_instance_ip",
            "module.file_configration.ansible_playbook.modify_file",
            "module.networking.aws_subnet.dev_proj_1_public_subnets",
            "module.networking.aws_vpc.dev_proj_1_vpc_eu_central_1",
            "module.security_group.aws_security_group.ec2_ansible_tower_port_8080"
          ]
        }
      ]
    },
    {
      "module": "module.networking",
      "mode": "managed",
      "type": "aws_internet_gateway",
      "name": "dev_proj_1_public_internet_gateway",
      "provider": "provider[\"registry.terraform.io/hashicorp/aws\"]",
      "instances": [
        {
          "schema_version": 0,
          "attributes": {
            "arn": "arn:aws:ec2:ap-south-1:213470585328:internet-gateway/igw-0dd85e9fe2d242e34",
            "id": "igw-0dd85e9fe2d242e34",
            "owner_id": "213470585328",
            "region": "ap-south-1",
            "tags": {
              "Name": "dev-proj-1-igw"
            },
            "tags_all": {
              "Name": "dev-proj-1-igw"
            },
            "timeouts": null,
            "vpc_id": "vpc-01d7ba0a7d89f31e0"
          },
          "sensitive_attributes": [],
          "private": "eyJlMmJmYjczMC1lY2FhLTExZTYtOGY4OC0zNDM2M2JjN2M0YzAiOnsiY3JlYXRlIjoxMjAwMDAwMDAwMDAwLCJkZWxldGUiOjEyMDAwMDAwMDAwMDAsInVwZGF0ZSI6MTIwMDAwMDAwMDAwMH19",
          "dependencies": [
            "module.networking.aws_vpc.dev_proj_1_vpc_eu_central_1"
          ]
        }
      ]
    },
    {
      "module": "module.networking",
      "mode": "managed",
      "type": "aws_route_table",
      "name": "dev_proj_1_private_route_table",
      "provider": "provider[\"registry.terraform.io/hashicorp/aws\"]",
      "instances": [
        {
          "schema_version": 0,
          "attributes": {
            "arn": "arn:aws:ec2:ap-south-1:213470585328:route-table/rtb-04ffb58655c8a636e",
            "id": "rtb-04ffb58655c8a636e",
            "owner_id": "213470585328",
            "propagating_vgws": [],
            "region": "ap-south-1",
            "route": [],
            "tags": {
              "Name": "dev-proj-1-private-rt"
            },
            "tags_all": {
              "Name": "dev-proj-1-private-rt"
            },
            "timeouts": null,
            "vpc_id": "vpc-01d7ba0a7d89f31e0"
          },
          "sensitive_attributes": [],
          "private": "eyJlMmJmYjczMC1lY2FhLTExZTYtOGY4OC0zNDM2M2JjN2M0YzAiOnsiY3JlYXRlIjozMDAwMDAwMDAwMDAsImRlbGV0ZSI6MzAwMDAwMDAwMDAwLCJ1cGRhdGUiOjEyMDAwMDAwMDAwMH19",
          "dependencies": [
            "module.networking.aws_vpc.dev_proj_1_vpc_eu_central_1"
          ]
        }
      ]
    },
    {
      "module": "module.networking",
      "mode": "managed",
      "type": "aws_route_table",
      "name": "dev_proj_1_public_route_table",
      "provider": "provider[\"registry.terraform.io/hashicorp/aws\"]",
      "instances": [
        {
          "schema_version": 0,
          "attributes": {
            "arn": "arn:aws:ec2:ap-south-1:213470585328:route-table/rtb-0d00de0e1f0ac40d1",
            "id": "rtb-0d00de0e1f0ac40d1",
            "owner_id": "213470585328",
            "propagating_vgws": [],
            "region": "ap-south-1",
            "route": [
              {
                "carrier_gateway_id": "",
                "cidr_block": "0.0.0.0/0",
                "core_network_arn": "",
                "destination_prefix_list_id": "",
                "egress_only_gateway_id": "",
                "gateway_id": "igw-0dd85e9fe2d242e34",
                "ipv6_cidr_block": "",
                "local_gateway_id": "",
                "nat_gateway_id": "",
                "network_interface_id": "",
                "odb_network_arn": "",
                "transit_gateway_id": "",
                "vpc_endpoint_id": "",
                "vpc_peering_connection_id": ""
              }
            ],
            "tags": {
              "Name": "dev-proj-1-public-rt"
            },
            "tags_all": {
              "Name": "dev-proj-1-public-rt"
            },
            "timeouts": null,
            "vpc_id": "vpc-01d7ba0a7d89f31e0"
          },
          "sensitive_attributes": [],
          "private": "eyJlMmJmYjczMC1lY2FhLTExZTYtOGY4OC0zNDM2M2JjN2M0YzAiOnsiY3JlYXRlIjozMDAwMDAwMDAwMDAsImRlbGV0ZSI6MzAwMDAwMDAwMDAwLCJ1cGRhdGUiOjEyMDAwMDAwMDAwMH19",
          "dependencies": [
            "module.networking.aws_internet_gateway.dev_proj_1_public_internet_gateway",
            "module.networking.aws_vpc.dev_proj_1_vpc_eu_central_1"
          ]
        }
      ]
    },
    {
      "module": "module.networking",
      "mode": "managed",
      "type": "aws_route_table_association",
      "name": "dev_proj_1_private_rt_subnet_association",
      "provider": "provider[\"registry.terraform.io/hashicorp/aws\"]",
      "instances": [
        {
          "index_key": 0,
          "schema_version": 0,
          "attributes": {
            "gateway_id": "",
            "id": "rtbassoc-04bbd97c6100ded72",
            "region": "ap-south-1",
            "route_table_id": "rtb-04ffb58655c8a636e",
            "subnet_id": "subnet-02cf75be71170e4f3",
            "timeouts": null
          },
          "sensitive_attributes": [],
          "private": "eyJlMmJmYjczMC1lY2FhLTExZTYtOGY4OC0zNDM2M2JjN2M0YzAiOnsiY3JlYXRlIjozMDAwMDAwMDAwMDAsImRlbGV0ZSI6MzAwMDAwMDAwMDAwLCJ1cGRhdGUiOjEyMDAwMDAwMDAwMH19",
          "dependencies": [
            "module.networking.aws_route_table.dev_proj_1_private_route_table",
            "module.networking.aws_subnet.dev_proj_1_private_subnets",
            "module.networking.aws_vpc.dev_proj_1_vpc_eu_central_1"
          ]
        },
        {
          "index_key": 1,
          "schema_version": 0,
          "attributes": {
            "gateway_id": "",
            "id": "rtbassoc-0d3532a430a493469",
            "region": "ap-south-1",
            "route_table_id": "rtb-04ffb58655c8a636e",
            "subnet_id": "subnet-0c433e84a14d93444",
            "timeouts": null
          },
          "sensitive_attributes": [],
          "private": "eyJlMmJmYjczMC1lY2FhLTExZTYtOGY4OC0zNDM2M2JjN2M0YzAiOnsiY3JlYXRlIjozMDAwMDAwMDAwMDAsImRlbGV0ZSI6MzAwMDAwMDAwMDAwLCJ1cGRhdGUiOjEyMDAwMDAwMDAwMH19",
          "dependencies": [
            "module.networking.aws_route_table.dev_proj_1_private_route_table",
            "module.networking.aws_subnet.dev_proj_1_private_subnets",
            "module.networking.aws_vpc.dev_proj_1_vpc_eu_central_1"
          ]
        }
      ]
    },
    {
      "module": "module.networking",
      "mode": "managed",
      "type": "aws_route_table_association",
      "name": "dev_proj_1_public_rt_subnet_association",
      "provider": "provider[\"registry.terraform.io/hashicorp/aws\"]",
      "instances": [
        {
          "index_key": 0,
          "schema_version": 0,
          "attributes": {
            "gateway_id": "",
            "id": "rtbassoc-0276ffeee8f186fab",
            "region": "ap-south-1",
            "route_table_id": "rtb-0d00de0e1f0ac40d1",
            "subnet_id": "subnet-038ef4e0887b623a4",
            "timeouts": null
          },
          "sensitive_attributes": [],
          "private": "eyJlMmJmYjczMC1lY2FhLTExZTYtOGY4OC0zNDM2M2JjN2M0YzAiOnsiY3JlYXRlIjozMDAwMDAwMDAwMDAsImRlbGV0ZSI6MzAwMDAwMDAwMDAwLCJ1cGRhdGUiOjEyMDAwMDAwMDAwMH19",
          "dependencies": [
            "module.networking.aws_internet_gateway.dev_proj_1_public_internet_gateway",
            "module.networking.aws_route_table.dev_proj_1_public_route_table",
            "module.networking.aws_subnet.dev_proj_1_public_subnets",
            "module.networking.aws_vpc.dev_proj_1_vpc_eu_central_1"
          ]
        },
        {
          "index_key": 1,
          "schema_version": 0,
          "attributes": {
            "gateway_id": "",
            "id": "rtbassoc-082d342aad095f26a",
            "region": "ap-south-1",
            "route_table_id": "rtb-0d00de0e1f0ac40d1",
            "subnet_id": "subnet-034c681ade9e86ce7",
            "timeouts": null
          },
          "sensitive_attributes": [],
          "private": "eyJlMmJmYjczMC1lY2FhLTExZTYtOGY4OC0zNDM2M2JjN2M0YzAiOnsiY3JlYXRlIjozMDAwMDAwMDAwMDAsImRlbGV0ZSI6MzAwMDAwMDAwMDAwLCJ1cGRhdGUiOjEyMDAwMDAwMDAwMH19",
          "dependencies": [
            "module.networking.aws_internet_gateway.dev_proj_1_public_internet_gateway",
            "module.networking.aws_route_table.dev_proj_1_public_route_table",
            "module.networking.aws_subnet.dev_proj_1_public_subnets",
            "module.networking.aws_vpc.dev_proj_1_vpc_eu_central_1"
          ]
        }
      ]
    },
    {
      "module": "module.networking",
      "mode": "managed",
      "type": "aws_subnet",
      "name": "dev_proj_1_private_subnets",
      "provider": "provider[\"registry.terraform.io/hashicorp/aws\"]",
      "instances": [
        {
          "index_key": 0,
          "schema_version": 1,
          "attributes": {
            "arn": "arn:aws:ec2:ap-south-1:213470585328:subnet/subnet-02cf75be71170e4f3",
            "assign_ipv6_address_on_creation": false,
            "availability_zone": "ap-south-1a",
            "availability_zone_id": "aps1-az1",
            "cidr_block": "11.0.3.0/24",
            "customer_owned_ipv4_pool": "",
            "enable_dns64": false,
            "enable_lni_at_device_index": 0,
            "enable_resource_name_dns_a_record_on_launch": false,
            "enable_resource_name_dns_aaaa_record_on_launch": false,
            "id": "subnet-02cf75be71170e4f3",
            "ipv4_ipam_pool_id": null,
            "ipv4_netmask_length": null,
            "ipv6_cidr_block": "",
            "ipv6_cidr_block_association_id": "",
            "ipv6_ipam_pool_id": null,
            "ipv6_native": false,
            "ipv6_netmask_length": null,
            "map_customer_owned_ip_on_launch": false,
            "map_public_ip_on_launch": false,
            "outpost_arn": "",
            "owner_id": "213470585328",
            "private_dns_hostname_type_on_launch": "ip-name",
            "region": "ap-south-1",
            "tags": {
              "Name": "dev-proj-private-subnet-1"
            },
            "tags_all": {
              "Name": "dev-proj-private-subnet-1"
            },
            "timeouts": null,
            "vpc_id": "vpc-01d7ba0a7d89f31e0"
          },
          "sensitive_attributes": [],
          "private": "eyJlMmJmYjczMC1lY2FhLTExZTYtOGY4OC0zNDM2M2JjN2M0YzAiOnsiY3JlYXRlIjo2MDAwMDAwMDAwMDAsImRlbGV0ZSI6MTIwMDAwMDAwMDAwMH0sInNjaGVtYV92ZXJzaW9uIjoiMSJ9",
          "dependencies": [
            "module.networking.aws_vpc.dev_proj_1_vpc_eu_central_1"
          ]
        },
        {
          "index_key": 1,
          "schema_version": 1,
          "attributes": {
            "arn": "arn:aws:ec2:ap-south-1:213470585328:subnet/subnet-0c433e84a14d93444",
            "assign_ipv6_address_on_creation": false,
            "availability_zone": "ap-south-1b",
            "availability_zone_id": "aps1-az3",
            "cidr_block": "11.0.4.0/24",
            "customer_owned_ipv4_pool": "",
            "enable_dns64": false,
            "enable_lni_at_device_index": 0,
            "enable_resource_name_dns_a_record_on_launch": false,
            "enable_resource_name_dns_aaaa_record_on_launch": false,
            "id": "subnet-0c433e84a14d93444",
            "ipv4_ipam_pool_id": null,
            "ipv4_netmask_length": null,
            "ipv6_cidr_block": "",
            "ipv6_cidr_block_association_id": "",
            "ipv6_ipam_pool_id": null,
            "ipv6_native": false,
            "ipv6_netmask_length": null,
            "map_customer_owned_ip_on_launch": false,
            "map_public_ip_on_launch": false,
            "outpost_arn": "",
            "owner_id": "213470585328",
            "private_dns_hostname_type_on_launch": "ip-name",
            "region": "ap-south-1",
            "tags": {
              "Name": "dev-proj-private-subnet-2"
            },
            "tags_all": {
              "Name": "dev-proj-private-subnet-2"
            },
            "timeouts": null,
            "vpc_id": "vpc-01d7ba0a7d89f31e0"
          },
          "sensitive_attributes": [],
          "private": "eyJlMmJmYjczMC1lY2FhLTExZTYtOGY4OC0zNDM2M2JjN2M0YzAiOnsiY3JlYXRlIjo2MDAwMDAwMDAwMDAsImRlbGV0ZSI6MTIwMDAwMDAwMDAwMH0sInNjaGVtYV92ZXJzaW9uIjoiMSJ9",
          "dependencies": [
            "module.networking.aws_vpc.dev_proj_1_vpc_eu_central_1"
          ]
        }
      ]
    },
    {
      "module": "module.networking",
      "mode": "managed",
      "type": "aws_subnet",
      "name": "dev_proj_1_public_subnets",
      "provider": "provider[\"registry.terraform.io/hashicorp/aws\"]",
      "instances": [
        {
          "index_key": 0,
          "schema_version": 1,
          "attributes": {
            "arn": "arn:aws:ec2:ap-south-1:213470585328:subnet/subnet-038ef4e0887b623a4",
            "assign_ipv6_address_on_creation": false,
            "availability_zone": "ap-south-1a",
            "availability_zone_id": "aps1-az1",
            "cidr_block": "11.0.1.0/24",
            "customer_owned_ipv4_pool": "",
            "enable_dns64": false,
            "enable_lni_at_device_index": 0,
            "enable_resource_name_dns_a_record_on_launch": false,
            "enable_resource_name_dns_aaaa_record_on_launch": false,
            "id": "subnet-038ef4e0887b623a4",
            "ipv4_ipam_pool_id": null,
            "ipv4_netmask_length": null,
            "ipv6_cidr_block": "",
            "ipv6_cidr_block_association_id": "",
            "ipv6_ipam_pool_id": null,
            "ipv6_native": false,
            "ipv6_netmask_length": null,
            "map_customer_owned_ip_on_launch": false,
            "map_public_ip_on_launch": false,
            "outpost_arn": "",
            "owner_id": "213470585328",
            "private_dns_hostname_type_on_launch": "ip-name",
            "region": "ap-south-1",
            "tags": {
              "Name": "dev-proj-public-subnet-1"
            },
            "tags_all": {
              "Name": "dev-proj-public-subnet-1"
            },
            "timeouts": null,
            "vpc_id": "vpc-01d7ba0a7d89f31e0"
          },
          "sensitive_attributes": [],
          "private": "eyJlMmJmYjczMC1lY2FhLTExZTYtOGY4OC0zNDM2M2JjN2M0YzAiOnsiY3JlYXRlIjo2MDAwMDAwMDAwMDAsImRlbGV0ZSI6MTIwMDAwMDAwMDAwMH0sInNjaGVtYV92ZXJzaW9uIjoiMSJ9",
          "dependencies": [
            "module.networking.aws_vpc.dev_proj_1_vpc_eu_central_1"
          ]
        },
        {
          "index_key": 1,
          "schema_version": 1,
          "attributes": {
            "arn": "arn:aws:ec2:ap-south-1:213470585328:subnet/subnet-034c681ade9e86ce7",
            "assign_ipv6_address_on_creation": false,
            "availability_zone": "ap-south-1b",
            "availability_zone_id": "aps1-az3",
            "cidr_block": "11.0.2.0/24",
            "customer_owned_ipv4_pool": "",
            "enable_dns64": false,
            "enable_lni_at_device_index": 0,
            "enable_resource_name_dns_a_record_on_launch": false,
            "enable_resource_name_dns_aaaa_record_on_launch": false,
            "id": "subnet-034c681ade9e86ce7",
            "ipv4_ipam_pool_id": null,
            "ipv4_netmask_length": null,
            "ipv6_cidr_block": "",
            "ipv6_cidr_block_association_id": "",
            "ipv6_ipam_pool_id": null,
            "ipv6_native": false,
            "ipv6_netmask_length": null,
            "map_customer_owned_ip_on_launch": false,
            "map_public_ip_on_launch": false,
            "outpost_arn": "",
            "owner_id": "213470585328",
            "private_dns_hostname_type_on_launch": "ip-name",
            "region": "ap-south-1",
            "tags": {
              "Name": "dev-proj-public-subnet-2"
            },
            "tags_all": {
              "Name": "dev-proj-public-subnet-2"
            },
            "timeouts": null,
            "vpc_id": "vpc-01d7ba0a7d89f31e0"
          },
          "sensitive_attributes": [],
          "private": "eyJlMmJmYjczMC1lY2FhLTExZTYtOGY4OC0zNDM2M2JjN2M0YzAiOnsiY3JlYXRlIjo2MDAwMDAwMDAwMDAsImRlbGV0ZSI6MTIwMDAwMDAwMDAwMH0sInNjaGVtYV92ZXJzaW9uIjoiMSJ9",
          "dependencies": [
            "module.networking.aws_vpc.dev_proj_1_vpc_eu_central_1"
          ]
        }
      ]
    },
    {
      "module": "module.networking",
      "mode": "managed",
      "type": "aws_vpc",
      "name": "dev_proj_1_vpc_eu_central_1",
      "provider": "provider[\"registry.terraform.io/hashicorp/aws\"]",
      "instances": [
        {
          "schema_version": 1,
          "attributes": {
            "arn": "arn:aws:ec2:ap-south-1:213470585328:vpc/vpc-01d7ba0a7d89f31e0",
            "assign_generated_ipv6_cidr_block": false,
            "cidr_block": "11.0.0.0/16",
            "default_network_acl_id": "acl-03f9e2b7eef33b5bf",
            "default_route_table_id": "rtb-09cc48a599df11471",
            "default_security_group_id": "sg-0173b2fc1c12ff71c",
            "dhcp_options_id": "dopt-0d1b84051bce6bc8e",
            "enable_dns_hostnames": false,
            "enable_dns_support": true,
            "enable_network_address_usage_metrics": false,
            "id": "vpc-01d7ba0a7d89f31e0",
            "instance_tenancy": "default",
            "ipv4_ipam_pool_id": null,
            "ipv4_netmask_length": null,
            "ipv6_association_id": "",
            "ipv6_cidr_block": "",
            "ipv6_cidr_block_network_border_group": "",
            "ipv6_ipam_pool_id": "",
            "ipv6_netmask_length": 0,
            "main_route_table_id": "rtb-09cc48a599df11471",
            "owner_id": "213470585328",
            "region": "ap-south-1",
            "tags": {
              "Name": "dev_proj_jenkins_eu_west_vpc_1"
            },
            "tags_all": {
              "Name": "dev_proj_jenkins_eu_west_vpc_1"
            }
          },
          "sensitive_attributes": [],
          "private": "eyJzY2hlbWFfdmVyc2lvbiI6IjEifQ=="
        }
      ]
    },
    {
      "module": "module.security_group",
      "mode": "managed",
      "type": "aws_security_group",
      "name": "ec2_ansible_tower_port_8080",
      "provider": "provider[\"registry.terraform.io/hashicorp/aws\"]",
      "instances": [
        {
          "schema_version": 1,
          "attributes": {
            "arn": "arn:aws:ec2:ap-south-1:213470585328:security-group/sg-0509a71c007247e8a",
            "description": "Enable the Port 8080 for jenkins",
            "egress": [
              {
                "cidr_blocks": [
                  "0.0.0.0/0"
                ],
                "description": "Allow outgoing request",
                "from_port": 0,
                "ipv6_cidr_blocks": [],
                "prefix_list_ids": [],
                "protocol": "-1",
                "security_groups": [],
                "self": false,
                "to_port": 0
              }
            ],
            "id": "sg-0509a71c007247e8a",
            "ingress": [
              {
                "cidr_blocks": [
                  "0.0.0.0/0"
                ],
                "description": "Allow HTTP request from anywhere",
                "from_port": 80,
                "ipv6_cidr_blocks": [],
                "prefix_list_ids": [],
                "protocol": "tcp",
                "security_groups": [],
                "self": false,
                "to_port": 80
              },
              {
                "cidr_blocks": [
                  "0.0.0.0/0"
                ],
                "description": "Allow HTTPS request from anywhere",
                "from_port": 443,
                "ipv6_cidr_blocks": [],
                "prefix_list_ids": [],
                "protocol": "tcp",
                "security_groups": [],
                "self": false,
                "to_port": 443
              },
              {
                "cidr_blocks": [
                  "0.0.0.0/0"
                ],
                "description": "Allow remote SSH from anywhere",
                "from_port": 22,
                "ipv6_cidr_blocks": [],
                "prefix_list_ids": [],
                "protocol": "tcp",
                "security_groups": [],
                "self": false,
                "to_port": 22
              }
            ],
            "name": "Allow port 8080 for Tower",
            "name_prefix": "",
            "owner_id": "213470585328",
            "region": "ap-south-1",
            "revoke_rules_on_delete": false,
            "tags": {
              "Name": "Security Groups to allow SSH(22) and HTTP(80)"
            },
            "tags_all": {
              "Name": "Security Groups to allow SSH(22) and HTTP(80)"
            },
            "timeouts": null,
            "vpc_id": "vpc-01d7ba0a7d89f31e0"
          },
          "sensitive_attributes": [],
          "private": "eyJlMmJmYjczMC1lY2FhLTExZTYtOGY4OC0zNDM2M2JjN2M0YzAiOnsiY3JlYXRlIjo2MDAwMDAwMDAwMDAsImRlbGV0ZSI6OTAwMDAwMDAwMDAwfSwic2NoZW1hX3ZlcnNpb24iOiIxIn0=",
          "dependencies": [
            "module.networking.aws_vpc.dev_proj_1_vpc_eu_central_1"
          ]
        }
      ]
    }
  ],
  "check_results": null
}
